// !$*UTF8*$!
{
	archiveVersion = 1;
	classes = {
	};
	objectVersion = 50;
	objects = {

/* Begin PBXBuildFile section */
		7389AC152708512100DE29BE /* AppDelegate.swift in Sources */ = {isa = PBXBuildFile; fileRef = 7389AC142708512100DE29BE /* AppDelegate.swift */; };
		7389AC172708512100DE29BE /* SceneDelegate.swift in Sources */ = {isa = PBXBuildFile; fileRef = 7389AC162708512100DE29BE /* SceneDelegate.swift */; };
		7389AC192708512100DE29BE /* ViewController.swift in Sources */ = {isa = PBXBuildFile; fileRef = 7389AC182708512100DE29BE /* ViewController.swift */; };
		7389AC1C2708512100DE29BE /* Main.storyboard in Resources */ = {isa = PBXBuildFile; fileRef = 7389AC1A2708512100DE29BE /* Main.storyboard */; };
		7389AC1E2708512300DE29BE /* Assets.xcassets in Resources */ = {isa = PBXBuildFile; fileRef = 7389AC1D2708512300DE29BE /* Assets.xcassets */; };
		7389AC212708512300DE29BE /* LaunchScreen.storyboard in Resources */ = {isa = PBXBuildFile; fileRef = 7389AC1F2708512300DE29BE /* LaunchScreen.storyboard */; };
		7389AC2C2708512300DE29BE /* youtubeAppTests.swift in Sources */ = {isa = PBXBuildFile; fileRef = 7389AC2B2708512300DE29BE /* youtubeAppTests.swift */; };
		7389AC372708512300DE29BE /* youtubeAppUITests.swift in Sources */ = {isa = PBXBuildFile; fileRef = 7389AC362708512300DE29BE /* youtubeAppUITests.swift */; };
/* End PBXBuildFile section */

/* Begin PBXContainerItemProxy section */
		7389AC282708512300DE29BE /* PBXContainerItemProxy */ = {
			isa = PBXContainerItemProxy;
			containerPortal = 7389AC092708512100DE29BE /* Project object */;
			proxyType = 1;
			remoteGlobalIDString = 7389AC102708512100DE29BE;
			remoteInfo = youtubeApp;
		};
		7389AC332708512300DE29BE /* PBXContainerItemProxy */ = {
			isa = PBXContainerItemProxy;
			containerPortal = 7389AC092708512100DE29BE /* Project object */;
			proxyType = 1;
			remoteGlobalIDString = 7389AC102708512100DE29BE;
			remoteInfo = youtubeApp;
		};
/* End PBXContainerItemProxy section */

/* Begin PBXFileReference section */
		7389AC112708512100DE29BE /* youtubeApp.app */ = {isa = PBXFileReference; explicitFileType = wrapper.application; includeInIndex = 0; path = youtubeApp.app; sourceTree = BUILT_PRODUCTS_DIR; };
		7389AC142708512100DE29BE /* AppDelegate.swift */ = {isa = PBXFileReference; lastKnownFileType = sourcecode.swift; path = AppDelegate.swift; sourceTree = "<group>"; };
		7389AC162708512100DE29BE /* SceneDelegate.swift */ = {isa = PBXFileReference; lastKnownFileType = sourcecode.swift; path = SceneDelegate.swift; sourceTree = "<group>"; };
		7389AC182708512100DE29BE /* ViewController.swift */ = {isa = PBXFileReference; lastKnownFileType = sourcecode.swift; path = ViewController.swift; sourceTree = "<group>"; };
		7389AC1B2708512100DE29BE /* Base */ = {isa = PBXFileReference; lastKnownFileType = file.storyboard; name = Base; path = Base.lproj/Main.storyboard; sourceTree = "<group>"; };
		7389AC1D2708512300DE29BE /* Assets.xcassets */ = {isa = PBXFileReference; lastKnownFileType = folder.assetcatalog; path = Assets.xcassets; sourceTree = "<group>"; };
		7389AC202708512300DE29BE /* Base */ = {isa = PBXFileReference; lastKnownFileType = file.storyboard; name = Base; path = Base.lproj/LaunchScreen.storyboard; sourceTree = "<group>"; };
		7389AC222708512300DE29BE /* Info.plist */ = {isa = PBXFileReference; lastKnownFileType = text.plist.xml; path = Info.plist; sourceTree = "<group>"; };
		7389AC272708512300DE29BE /* youtubeAppTests.xctest */ = {isa = PBXFileReference; explicitFileType = wrapper.cfbundle; includeInIndex = 0; path = youtubeAppTests.xctest; sourceTree = BUILT_PRODUCTS_DIR; };
		7389AC2B2708512300DE29BE /* youtubeAppTests.swift */ = {isa = PBXFileReference; lastKnownFileType = sourcecode.swift; path = youtubeAppTests.swift; sourceTree = "<group>"; };
		7389AC2D2708512300DE29BE /* Info.plist */ = {isa = PBXFileReference; lastKnownFileType = text.plist.xml; path = Info.plist; sourceTree = "<group>"; };
		7389AC322708512300DE29BE /* youtubeAppUITests.xctest */ = {isa = PBXFileReference; explicitFileType = wrapper.cfbundle; includeInIndex = 0; path = youtubeAppUITests.xctest; sourceTree = BUILT_PRODUCTS_DIR; };
		7389AC362708512300DE29BE /* youtubeAppUITests.swift */ = {isa = PBXFileReference; lastKnownFileType = sourcecode.swift; path = youtubeAppUITests.swift; sourceTree = "<group>"; };
		7389AC382708512300DE29BE /* Info.plist */ = {isa = PBXFileReference; lastKnownFileType = text.plist.xml; path = Info.plist; sourceTree = "<group>"; };
/* End PBXFileReference section */

/* Begin PBXFrameworksBuildPhase section */
		7389AC0E2708512100DE29BE /* Frameworks */ = {
			isa = PBXFrameworksBuildPhase;
			buildActionMask = 2147483647;
			files = (
			);
			runOnlyForDeploymentPostprocessing = 0;
		};
		7389AC242708512300DE29BE /* Frameworks */ = {
			isa = PBXFrameworksBuildPhase;
			buildActionMask = 2147483647;
			files = (
			);
			runOnlyForDeploymentPostprocessing = 0;
		};
		7389AC2F2708512300DE29BE /* Frameworks */ = {
			isa = PBXFrameworksBuildPhase;
			buildActionMask = 2147483647;
			files = (
			);
			runOnlyForDeploymentPostprocessing = 0;
		};
/* End PBXFrameworksBuildPhase section */

/* Begin PBXGroup section */
		7389AC082708512100DE29BE = {
			isa = PBXGroup;
			children = (
				7389AC132708512100DE29BE /* youtubeApp */,
				7389AC2A2708512300DE29BE /* youtubeAppTests */,
				7389AC352708512300DE29BE /* youtubeAppUITests */,
				7389AC122708512100DE29BE /* Products */,
			);
			sourceTree = "<group>";
		};
		7389AC122708512100DE29BE /* Products */ = {
			isa = PBXGroup;
			children = (
				7389AC112708512100DE29BE /* youtubeApp.app */,
				7389AC272708512300DE29BE /* youtubeAppTests.xctest */,
				7389AC322708512300DE29BE /* youtubeAppUITests.xctest */,
			);
			name = Products;
			sourceTree = "<group>";
		};
		7389AC132708512100DE29BE /* youtubeApp */ = {
			isa = PBXGroup;
			children = (
				7389AC142708512100DE29BE /* AppDelegate.swift */,
				7389AC162708512100DE29BE /* SceneDelegate.swift */,
				7389AC182708512100DE29BE /* ViewController.swift */,
				7389AC1A2708512100DE29BE /* Main.storyboard */,
				7389AC1D2708512300DE29BE /* Assets.xcassets */,
				7389AC1F2708512300DE29BE /* LaunchScreen.storyboard */,
				7389AC222708512300DE29BE /* Info.plist */,
			);
			path = youtubeApp;
			sourceTree = "<group>";
		};
		7389AC2A2708512300DE29BE /* youtubeAppTests */ = {
			isa = PBXGroup;
			children = (
				7389AC2B2708512300DE29BE /* youtubeAppTests.swift */,
				7389AC2D2708512300DE29BE /* Info.plist */,
			);
			path = youtubeAppTests;
			sourceTree = "<group>";
		};
		7389AC352708512300DE29BE /* youtubeAppUITests */ = {
			isa = PBXGroup;
			children = (
				7389AC362708512300DE29BE /* youtubeAppUITests.swift */,
				7389AC382708512300DE29BE /* Info.plist */,
			);
			path = youtubeAppUITests;
			sourceTree = "<group>";
		};
/* End PBXGroup section */

/* Begin PBXNativeTarget section */
		7389AC102708512100DE29BE /* youtubeApp */ = {
			isa = PBXNativeTarget;
			buildConfigurationList = 7389AC3B2708512300DE29BE /* Build configuration list for PBXNativeTarget "youtubeApp" */;
			buildPhases = (
				7389AC0D2708512100DE29BE /* Sources */,
				7389AC0E2708512100DE29BE /* Frameworks */,
				7389AC0F2708512100DE29BE /* Resources */,
			);
			buildRules = (
			);
			dependencies = (
			);
			name = youtubeApp;
			productName = youtubeApp;
			productReference = 7389AC112708512100DE29BE /* youtubeApp.app */;
			productType = "com.apple.product-type.application";
		};
		7389AC262708512300DE29BE /* youtubeAppTests */ = {
			isa = PBXNativeTarget;
			buildConfigurationList = 7389AC3E2708512300DE29BE /* Build configuration list for PBXNativeTarget "youtubeAppTests" */;
			buildPhases = (
				7389AC232708512300DE29BE /* Sources */,
				7389AC242708512300DE29BE /* Frameworks */,
				7389AC252708512300DE29BE /* Resources */,
			);
			buildRules = (
			);
			dependencies = (
				7389AC292708512300DE29BE /* PBXTargetDependency */,
			);
			name = youtubeAppTests;
			productName = youtubeAppTests;
			productReference = 7389AC272708512300DE29BE /* youtubeAppTests.xctest */;
			productType = "com.apple.product-type.bundle.unit-test";
		};
		7389AC312708512300DE29BE /* youtubeAppUITests */ = {
			isa = PBXNativeTarget;
			buildConfigurationList = 7389AC412708512300DE29BE /* Build configuration list for PBXNativeTarget "youtubeAppUITests" */;
			buildPhases = (
				7389AC2E2708512300DE29BE /* Sources */,
				7389AC2F2708512300DE29BE /* Frameworks */,
				7389AC302708512300DE29BE /* Resources */,
			);
			buildRules = (
			);
			dependencies = (
				7389AC342708512300DE29BE /* PBXTargetDependency */,
			);
			name = youtubeAppUITests;
			productName = youtubeAppUITests;
			productReference = 7389AC322708512300DE29BE /* youtubeAppUITests.xctest */;
			productType = "com.apple.product-type.bundle.ui-testing";
		};
/* End PBXNativeTarget section */

/* Begin PBXProject section */
		7389AC092708512100DE29BE /* Project object */ = {
			isa = PBXProject;
			attributes = {
				LastSwiftUpdateCheck = 1250;
				LastUpgradeCheck = 1250;
				TargetAttributes = {
					7389AC102708512100DE29BE = {
						CreatedOnToolsVersion = 12.5;
					};
					7389AC262708512300DE29BE = {
						CreatedOnToolsVersion = 12.5;
						TestTargetID = 7389AC102708512100DE29BE;
					};
					7389AC312708512300DE29BE = {
						CreatedOnToolsVersion = 12.5;
						TestTargetID = 7389AC102708512100DE29BE;
					};
				};
			};
			buildConfigurationList = 7389AC0C2708512100DE29BE /* Build configuration list for PBXProject "youtubeApp" */;
			compatibilityVersion = "Xcode 9.3";
			developmentRegion = en;
			hasScannedForEncodings = 0;
			knownRegions = (
				en,
				Base,
			);
			mainGroup = 7389AC082708512100DE29BE;
			productRefGroup = 7389AC122708512100DE29BE /* Products */;
			projectDirPath = "";
			projectRoot = "";
			targets = (
				7389AC102708512100DE29BE /* youtubeApp */,
				7389AC262708512300DE29BE /* youtubeAppTests */,
				7389AC312708512300DE29BE /* youtubeAppUITests */,
			);
		};
/* End PBXProject section */

/* Begin PBXResourcesBuildPhase section */
		7389AC0F2708512100DE29BE /* Resources */ = {
			isa = PBXResourcesBuildPhase;
			buildActionMask = 2147483647;
			files = (
				7389AC212708512300DE29BE /* LaunchScreen.storyboard in Resources */,
				7389AC1E2708512300DE29BE /* Assets.xcassets in Resources */,
				7389AC1C2708512100DE29BE /* Main.storyboard in Resources */,
			);
			runOnlyForDeploymentPostprocessing = 0;
		};
		7389AC252708512300DE29BE /* Resources */ = {
			isa = PBXResourcesBuildPhase;
			buildActionMask = 2147483647;
			files = (
			);
			runOnlyForDeploymentPostprocessing = 0;
		};
		7389AC302708512300DE29BE /* Resources */ = {
			isa = PBXResourcesBuildPhase;
			buildActionMask = 2147483647;
			files = (
			);
			runOnlyForDeploymentPostprocessing = 0;
		};
/* End PBXResourcesBuildPhase section */

/* Begin PBXSourcesBuildPhase section */
		7389AC0D2708512100DE29BE /* Sources */ = {
			isa = PBXSourcesBuildPhase;
			buildActionMask = 2147483647;
			files = (
				7389AC192708512100DE29BE /* ViewController.swift in Sources */,
				7389AC152708512100DE29BE /* AppDelegate.swift in Sources */,
				7389AC172708512100DE29BE /* SceneDelegate.swift in Sources */,
			);
			runOnlyForDeploymentPostprocessing = 0;
		};
		7389AC232708512300DE29BE /* Sources */ = {
			isa = PBXSourcesBuildPhase;
			buildActionMask = 2147483647;
			files = (
				7389AC2C2708512300DE29BE /* youtubeAppTests.swift in Sources */,
			);
			runOnlyForDeploymentPostprocessing = 0;
		};
		7389AC2E2708512300DE29BE /* Sources */ = {
			isa = PBXSourcesBuildPhase;
			buildActionMask = 2147483647;
			files = (
				7389AC372708512300DE29BE /* youtubeAppUITests.swift in Sources */,
			);
			runOnlyForDeploymentPostprocessing = 0;
		};
/* End PBXSourcesBuildPhase section */

/* Begin PBXTargetDependency section */
		7389AC292708512300DE29BE /* PBXTargetDependency */ = {
			isa = PBXTargetDependency;
			target = 7389AC102708512100DE29BE /* youtubeApp */;
			targetProxy = 7389AC282708512300DE29BE /* PBXContainerItemProxy */;
		};
		7389AC342708512300DE29BE /* PBXTargetDependency */ = {
			isa = PBXTargetDependency;
			target = 7389AC102708512100DE29BE /* youtubeApp */;
			targetProxy = 7389AC332708512300DE29BE /* PBXContainerItemProxy */;
		};
/* End PBXTargetDependency section */

/* Begin PBXVariantGroup section */
		7389AC1A2708512100DE29BE /* Main.storyboard */ = {
			isa = PBXVariantGroup;
			children = (
				7389AC1B2708512100DE29BE /* Base */,
			);
			name = Main.storyboard;
			sourceTree = "<group>";
		};
		7389AC1F2708512300DE29BE /* LaunchScreen.storyboard */ = {
			isa = PBXVariantGroup;
			children = (
				7389AC202708512300DE29BE /* Base */,
			);
			name = LaunchScreen.storyboard;
			sourceTree = "<group>";
		};
/* End PBXVariantGroup section */

/* Begin XCBuildConfiguration section */
		7389AC392708512300DE29BE /* Debug */ = {
			isa = XCBuildConfiguration;
			buildSettings = {
				ALWAYS_SEARCH_USER_PATHS = NO;
				CLANG_ANALYZER_NONNULL = YES;
				CLANG_ANALYZER_NUMBER_OBJECT_CONVERSION = YES_AGGRESSIVE;
				CLANG_CXX_LANGUAGE_STANDARD = "gnu++14";
				CLANG_CXX_LIBRARY = "libc++";
				CLANG_ENABLE_MODULES = YES;
				CLANG_ENABLE_OBJC_ARC = YES;
				CLANG_ENABLE_OBJC_WEAK = YES;
				CLANG_WARN_BLOCK_CAPTURE_AUTORELEASING = YES;
				CLANG_WARN_BOOL_CONVERSION = YES;
				CLANG_WARN_COMMA = YES;
				CLANG_WARN_CONSTANT_CONVERSION = YES;
				CLANG_WARN_DEPRECATED_OBJC_IMPLEMENTATIONS = YES;
				CLANG_WARN_DIRECT_OBJC_ISA_USAGE = YES_ERROR;
				CLANG_WARN_DOCUMENTATION_COMMENTS = YES;
				CLANG_WARN_EMPTY_BODY = YES;
				CLANG_WARN_ENUM_CONVERSION = YES;
				CLANG_WARN_INFINITE_RECURSION = YES;
				CLANG_WARN_INT_CONVERSION = YES;
				CLANG_WARN_NON_LITERAL_NULL_CONVERSION = YES;
				CLANG_WARN_OBJC_IMPLICIT_RETAIN_SELF = YES;
				CLANG_WARN_OBJC_LITERAL_CONVERSION = YES;
				CLANG_WARN_OBJC_ROOT_CLASS = YES_ERROR;
				CLANG_WARN_QUOTED_INCLUDE_IN_FRAMEWORK_HEADER = YES;
				CLANG_WARN_RANGE_LOOP_ANALYSIS = YES;
				CLANG_WARN_STRICT_PROTOTYPES = YES;
				CLANG_WARN_SUSPICIOUS_MOVE = YES;
				CLANG_WARN_UNGUARDED_AVAILABILITY = YES_AGGRESSIVE;
				CLANG_WARN_UNREACHABLE_CODE = YES;
				CLANG_WARN__DUPLICATE_METHOD_MATCH = YES;
				COPY_PHASE_STRIP = NO;
				DEBUG_INFORMATION_FORMAT = dwarf;
				ENABLE_STRICT_OBJC_MSGSEND = YES;
				ENABLE_TESTABILITY = YES;
				GCC_C_LANGUAGE_STANDARD = gnu11;
				GCC_DYNAMIC_NO_PIC = NO;
				GCC_NO_COMMON_BLOCKS = YES;
				GCC_OPTIMIZATION_LEVEL = 0;
				GCC_PREPROCESSOR_DEFINITIONS = (
					"DEBUG=1",
					"$(inherited)",
				);
				GCC_WARN_64_TO_32_BIT_CONVERSION = YES;
				GCC_WARN_ABOUT_RETURN_TYPE = YES_ERROR;
				GCC_WARN_UNDECLARED_SELECTOR = YES;
				GCC_WARN_UNINITIALIZED_AUTOS = YES_AGGRESSIVE;
				GCC_WARN_UNUSED_FUNCTION = YES;
				GCC_WARN_UNUSED_VARIABLE = YES;
				IPHONEOS_DEPLOYMENT_TARGET = 14.5;
				MTL_ENABLE_DEBUG_INFO = INCLUDE_SOURCE;
				MTL_FAST_MATH = YES;
				ONLY_ACTIVE_ARCH = YES;
				SDKROOT = iphoneos;
				SWIFT_ACTIVE_COMPILATION_CONDITIONS = DEBUG;
				SWIFT_OPTIMIZATION_LEVEL = "-Onone";
			};
			name = Debug;
		};
		7389AC3A2708512300DE29BE /* Release */ = {
			isa = XCBuildConfiguration;
			buildSettings = {
				ALWAYS_SEARCH_USER_PATHS = NO;
				CLANG_ANALYZER_NONNULL = YES;
				CLANG_ANALYZER_NUMBER_OBJECT_CONVERSION = YES_AGGRESSIVE;
				CLANG_CXX_LANGUAGE_STANDARD = "gnu++14";
				CLANG_CXX_LIBRARY = "libc++";
				CLANG_ENABLE_MODULES = YES;
				CLANG_ENABLE_OBJC_ARC = YES;
				CLANG_ENABLE_OBJC_WEAK = YES;
				CLANG_WARN_BLOCK_CAPTURE_AUTORELEASING = YES;
				CLANG_WARN_BOOL_CONVERSION = YES;
				CLANG_WARN_COMMA = YES;
				CLANG_WARN_CONSTANT_CONVERSION = YES;
				CLANG_WARN_DEPRECATED_OBJC_IMPLEMENTATIONS = YES;
				CLANG_WARN_DIRECT_OBJC_ISA_USAGE = YES_ERROR;
				CLANG_WARN_DOCUMENTATION_COMMENTS = YES;
				CLANG_WARN_EMPTY_BODY = YES;
				CLANG_WARN_ENUM_CONVERSION = YES;
				CLANG_WARN_INFINITE_RECURSION = YES;
				CLANG_WARN_INT_CONVERSION = YES;
				CLANG_WARN_NON_LITERAL_NULL_CONVERSION = YES;
				CLANG_WARN_OBJC_IMPLICIT_RETAIN_SELF = YES;
				CLANG_WARN_OBJC_LITERAL_CONVERSION = YES;
				CLANG_WARN_OBJC_ROOT_CLASS = YES_ERROR;
				CLANG_WARN_QUOTED_INCLUDE_IN_FRAMEWORK_HEADER = YES;
				CLANG_WARN_RANGE_LOOP_ANALYSIS = YES;
				CLANG_WARN_STRICT_PROTOTYPES = YES;
				CLANG_WARN_SUSPICIOUS_MOVE = YES;
				CLANG_WARN_UNGUARDED_AVAILABILITY = YES_AGGRESSIVE;
				CLANG_WARN_UNREACHABLE_CODE = YES;
				CLANG_WARN__DUPLICATE_METHOD_MATCH = YES;
				COPY_PHASE_STRIP = NO;
				DEBUG_INFORMATION_FORMAT = "dwarf-with-dsym";
				ENABLE_NS_ASSERTIONS = NO;
				ENABLE_STRICT_OBJC_MSGSEND = YES;
				GCC_C_LANGUAGE_STANDARD = gnu11;
				GCC_NO_COMMON_BLOCKS = YES;
				GCC_WARN_64_TO_32_BIT_CONVERSION = YES;
				GCC_WARN_ABOUT_RETURN_TYPE = YES_ERROR;
				GCC_WARN_UNDECLARED_SELECTOR = YES;
				GCC_WARN_UNINITIALIZED_AUTOS = YES_AGGRESSIVE;
				GCC_WARN_UNUSED_FUNCTION = YES;
				GCC_WARN_UNUSED_VARIABLE = YES;
				IPHONEOS_DEPLOYMENT_TARGET = 14.5;
				MTL_ENABLE_DEBUG_INFO = NO;
				MTL_FAST_MATH = YES;
				SDKROOT = iphoneos;
				SWIFT_COMPILATION_MODE = wholemodule;
				SWIFT_OPTIMIZATION_LEVEL = "-O";
				VALIDATE_PRODUCT = YES;
			};
			name = Release;
		};
		7389AC3C2708512300DE29BE /* Debug */ = {
			isa = XCBuildConfiguration;
			buildSettings = {
				ASSETCATALOG_COMPILER_APPICON_NAME = AppIcon;
				ASSETCATALOG_COMPILER_GLOBAL_ACCENT_COLOR_NAME = AccentColor;
				CODE_SIGN_STYLE = Automatic;
				DEVELOPMENT_TEAM = 96N8YUAB3R;
				INFOPLIST_FILE = youtubeApp/Info.plist;
				LD_RUNPATH_SEARCH_PATHS = (
					"$(inherited)",
					"@executable_path/Frameworks",
				);
				PRODUCT_BUNDLE_IDENTIFIER = gotu.youtubeApp;
				PRODUCT_NAME = "$(TARGET_NAME)";
				SWIFT_VERSION = 5.0;
				TARGETED_DEVICE_FAMILY = "1,2";
			};
			name = Debug;
		};
		7389AC3D2708512300DE29BE /* Release */ = {
			isa = XCBuildConfiguration;
			buildSettings = {
				ASSETCATALOG_COMPILER_APPICON_NAME = AppIcon;
				ASSETCATALOG_COMPILER_GLOBAL_ACCENT_COLOR_NAME = AccentColor;
				CODE_SIGN_STYLE = Automatic;
				DEVELOPMENT_TEAM = 96N8YUAB3R;
				INFOPLIST_FILE = youtubeApp/Info.plist;
				LD_RUNPATH_SEARCH_PATHS = (
					"$(inherited)",
					"@executable_path/Frameworks",
				);
				PRODUCT_BUNDLE_IDENTIFIER = gotu.youtubeApp;
				PRODUCT_NAME = "$(TARGET_NAME)";
				SWIFT_VERSION = 5.0;
				TARGETED_DEVICE_FAMILY = "1,2";
			};
			name = Release;
		};
		7389AC3F2708512300DE29BE /* Debug */ = {
			isa = XCBuildConfiguration;
			buildSettings = {
				ALWAYS_EMBED_SWIFT_STANDARD_LIBRARIES = YES;
				BUNDLE_LOADER = "$(TEST_HOST)";
				CODE_SIGN_STYLE = Automatic;
				DEVELOPMENT_TEAM = 96N8YUAB3R;
				INFOPLIST_FILE = youtubeAppTests/Info.plist;
				IPHONEOS_DEPLOYMENT_TARGET = 14.5;
				LD_RUNPATH_SEARCH_PATHS = (
					"$(inherited)",
					"@executable_path/Frameworks",
					"@loader_path/Frameworks",
				);
				PRODUCT_BUNDLE_IDENTIFIER = gotu.youtubeAppTests;
				PRODUCT_NAME = "$(TARGET_NAME)";
				SWIFT_VERSION = 5.0;
				TARGETED_DEVICE_FAMILY = "1,2";
				TEST_HOST = "$(BUILT_PRODUCTS_DIR)/youtubeApp.app/youtubeApp";
			};
			name = Debug;
		};
		7389AC402708512300DE29BE /* Release */ = {
			isa = XCBuildConfiguration;
			buildSettings = {
				ALWAYS_EMBED_SWIFT_STANDARD_LIBRARIES = YES;
				BUNDLE_LOADER = "$(TEST_HOST)";
				CODE_SIGN_STYLE = Automatic;
				DEVELOPMENT_TEAM = 96N8YUAB3R;
				INFOPLIST_FILE = youtubeAppTests/Info.plist;
				IPHONEOS_DEPLOYMENT_TARGET = 14.5;
				LD_RUNPATH_SEARCH_PATHS = (
					"$(inherited)",
					"@executable_path/Frameworks",
					"@loader_path/Frameworks",
				);
				PRODUCT_BUNDLE_IDENTIFIER = gotu.youtubeAppTests;
				PRODUCT_NAME = "$(TARGET_NAME)";
				SWIFT_VERSION = 5.0;
				TARGETED_DEVICE_FAMILY = "1,2";
				TEST_HOST = "$(BUILT_PRODUCTS_DIR)/youtubeApp.app/youtubeApp";
			};
			name = Release;
		};
		7389AC422708512300DE29BE /* Debug */ = {
			isa = XCBuildConfiguration;
			buildSettings = {
				ALWAYS_EMBED_SWIFT_STANDARD_LIBRARIES = YES;
				CODE_SIGN_STYLE = Automatic;
				DEVELOPMENT_TEAM = 96N8YUAB3R;
				INFOPLIST_FILE = youtubeAppUITests/Info.plist;
				LD_RUNPATH_SEARCH_PATHS = (
					"$(inherited)",
					"@executable_path/Frameworks",
					"@loader_path/Frameworks",
				);
				PRODUCT_BUNDLE_IDENTIFIER = gotu.youtubeAppUITests;
				PRODUCT_NAME = "$(TARGET_NAME)";
				SWIFT_VERSION = 5.0;
				TARGETED_DEVICE_FAMILY = "1,2";
				TEST_TARGET_NAME = youtubeApp;
			};
			name = Debug;
		};
		7389AC432708512300DE29BE /* Release */ = {
			isa = XCBuildConfiguration;
			buildSettings = {
				ALWAYS_EMBED_SWIFT_STANDARD_LIBRARIES = YES;
				CODE_SIGN_STYLE = Automatic;
				DEVELOPMENT_TEAM = 96N8YUAB3R;
				INFOPLIST_FILE = youtubeAppUITests/Info.plist;
				LD_RUNPATH_SEARCH_PATHS = (
					"$(inherited)",
					"@executable_path/Frameworks",
					"@loader_path/Frameworks",
				);
				PRODUCT_BUNDLE_IDENTIFIER = gotu.youtubeAppUITests;
				PRODUCT_NAME = "$(TARGET_NAME)";
				SWIFT_VERSION = 5.0;
				TARGETED_DEVICE_FAMILY = "1,2";
				TEST_TARGET_NAME = youtubeApp;
			};
			name = Release;
		};
/* End XCBuildConfiguration section */

/* Begin XCConfigurationList section */
		7389AC0C2708512100DE29BE /* Build configuration list for PBXProject "youtubeApp" */ = {
			isa = XCConfigurationList;
			buildConfigurations = (
				7389AC392708512300DE29BE /* Debug */,
				7389AC3A2708512300DE29BE /* Release */,
			);
			defaultConfigurationIsVisible = 0;
			defaultConfigurationName = Release;
		};
		7389AC3B2708512300DE29BE /* Build configuration list for PBXNativeTarget "youtubeApp" */ = {
			isa = XCConfigurationList;
			buildConfigurations = (
				7389AC3C2708512300DE29BE /* Debug */,
				7389AC3D2708512300DE29BE /* Release */,
			);
			defaultConfigurationIsVisible = 0;
			defaultConfigurationName = Release;
		};
		7389AC3E2708512300DE29BE /* Build configuration list for PBXNativeTarget "youtubeAppTests" */ = {
			isa = XCConfigurationList;
			buildConfigurations = (
				7389AC3F2708512300DE29BE /* Debug */,
				7389AC402708512300DE29BE /* Release */,
			);
			defaultConfigurationIsVisible = 0;
			defaultConfigurationName = Release;
		};
		7389AC412708512300DE29BE /* Build configuration list for PBXNativeTarget "youtubeAppUITests" */ = {
			isa = XCConfigurationList;
			buildConfigurations = (
				7389AC422708512300DE29BE /* Debug */,
				7389AC432708512300DE29BE /* Release */,
			);
			defaultConfigurationIsVisible = 0;
			defaultConfigurationName = Release;
		};
/* End XCConfigurationList section */
	};
	rootObject = 7389AC092708512100DE29BE /* Project object */;
}
